PODS:
  - ChameleonFramework/Default (2.1.0)
  - ChameleonFramework/Swift (2.1.0):
    - ChameleonFramework/Default
  - IQDropDownTextField (1.1.0)
  - IQKeyboardManagerSwift (4.0.9)
  - R.swift (3.2.0):
    - R.swift.Library (~> 3.0.2)
  - R.swift.Library (3.0.2)
  - SVProgressHUD (2.1.2)
  - UIAlertController+Blocks (0.9.2)

DEPENDENCIES:
  - ChameleonFramework/Swift (from `https://github.com/ViccAlexander/Chameleon.git`)
  - IQDropDownTextField
  - IQKeyboardManagerSwift
  - R.swift
  - SVProgressHUD
  - UIAlertController+Blocks

EXTERNAL SOURCES:
  ChameleonFramework:
    :git: https://github.com/ViccAlexander/Chameleon.git

CHECKOUT OPTIONS:
  ChameleonFramework:
    :commit: acc480fbe023c6e5fe40f68593f4a70a8c4c7ad5
    :git: https://github.com/ViccAlexander/Chameleon.git

SPEC CHECKSUMS:
  ChameleonFramework: d21a3cc247abfe5e37609a283a8238b03575cf64
  IQDropDownTextField: 614f79ca905529c992045eaa112d0fc9ebb875d1
  IQKeyboardManagerSwift: 2eefe6c429b86aa08bfbc1b5c891164d754adf91
  R.swift: 207a372a2b5977caef440c696a368009460641d1
  R.swift.Library: fbdec16c9802ad104fc1ba53415dc190e6ec5c73
  SVProgressHUD: c404a55d78acbeb7ebb78b76d3faf986475a6994
  UIAlertController+Blocks: 80e28b92523fb58aba4d1bccec013d5a0b0bddb2

PODFILE CHECKSUM: 9213ec827375bd3232e994d8beba54b89b11331b

COCOAPODS: 1.2.1
